
Microsoft Visual Studio Solution File, Format Version 11.00
# Visual Studio 2010
Project("{FAE04EC0-301F-11D3-BF4B-00C04F79EFBC}") = "HTML5Framework", "HTML5Framework\HTML5Framework.csproj", "{BD99A1E4-82B3-49A5-B1E1-5DE43C33F629}"
EndProject
Global
	GlobalSection(SolutionConfigurationPlatforms) = preSolution
		Debug|Any CPU = Debug|Any CPU
		Release|Any CPU = Release|Any CPU
	EndGlobalSection
	GlobalSection(ProjectConfigurationPlatforms) = postSolution
		{BD99A1E4-82B3-49A5-B1E1-5DE43C33F629}.Debug|Any CPU.ActiveCfg = Debug|Any CPU
		{BD99A1E4-82B3-49A5-B1E1-5DE43C33F629}.Debug|Any CPU.Build.0 = Debug|Any CPU
		{BD99A1E4-82B3-49A5-B1E1-5DE43C33F629}.Release|Any CPU.ActiveCfg = Release|Any CPU
		{BD99A1E4-82B3-49A5-B1E1-5DE43C33F629}.Release|Any CPU.Build.0 = Release|Any CPU
	EndGlobalSection
	GlobalSection(SolutionProperties) = preSolution
		HideSolutionNode = FALSE
	EndGlobalSection
EndGlobal
